
Microsoft Visual Studio Solution File, Format Version 12.00
# Visual Studio Version 17
VisualStudioVersion = 17.5.33516.290
MinimumVisualStudioVersion = 10.0.40219.1
Project("{FAE04EC0-301F-11D3-BF4B-00C04F79EFBC}") = "Educator.PresentationLayer", "Educator.PresentationLayer\Educator.PresentationLayer.csproj", "{B3E68C70-9B1D-44DF-920A-C37F06848CB4}"
EndProject
Project("{FAE04EC0-301F-11D3-BF4B-00C04F79EFBC}") = "Educator.EntityLayer", "Educator.EntityLayer\Educator.EntityLayer.csproj", "{CAC6FF2C-D4A7-4ED7-B80E-DAFBE09B3E78}"
EndProject
Project("{FAE04EC0-301F-11D3-BF4B-00C04F79EFBC}") = "Educator.DataAccessLayer", "Educator.DataAccessLayer\Educator.DataAccessLayer.csproj", "{5D9CA415-69C0-4BF2-B050-12989C965986}"
EndProject
Project("{FAE04EC0-301F-11D3-BF4B-00C04F79EFBC}") = "Educator.BusinessLayer", "Educator.BusinessLayer\Educator.BusinessLayer.csproj", "{D84D64A7-103D-4751-B5C6-AB6DC308846F}"
EndProject
Global
	GlobalSection(SolutionConfigurationPlatforms) = preSolution
		Debug|Any CPU = Debug|Any CPU
		Release|Any CPU = Release|Any CPU
	EndGlobalSection
	GlobalSection(ProjectConfigurationPlatforms) = postSolution
		{B3E68C70-9B1D-44DF-920A-C37F06848CB4}.Debug|Any CPU.ActiveCfg = Debug|Any CPU
		{B3E68C70-9B1D-44DF-920A-C37F06848CB4}.Debug|Any CPU.Build.0 = Debug|Any CPU
		{B3E68C70-9B1D-44DF-920A-C37F06848CB4}.Release|Any CPU.ActiveCfg = Release|Any CPU
		{B3E68C70-9B1D-44DF-920A-C37F06848CB4}.Release|Any CPU.Build.0 = Release|Any CPU
		{CAC6FF2C-D4A7-4ED7-B80E-DAFBE09B3E78}.Debug|Any CPU.ActiveCfg = Debug|Any CPU
		{CAC6FF2C-D4A7-4ED7-B80E-DAFBE09B3E78}.Debug|Any CPU.Build.0 = Debug|Any CPU
		{CAC6FF2C-D4A7-4ED7-B80E-DAFBE09B3E78}.Release|Any CPU.ActiveCfg = Release|Any CPU
		{CAC6FF2C-D4A7-4ED7-B80E-DAFBE09B3E78}.Release|Any CPU.Build.0 = Release|Any CPU
		{5D9CA415-69C0-4BF2-B050-12989C965986}.Debug|Any CPU.ActiveCfg = Debug|Any CPU
		{5D9CA415-69C0-4BF2-B050-12989C965986}.Debug|Any CPU.Build.0 = Debug|Any CPU
		{5D9CA415-69C0-4BF2-B050-12989C965986}.Release|Any CPU.ActiveCfg = Release|Any CPU
		{5D9CA415-69C0-4BF2-B050-12989C965986}.Release|Any CPU.Build.0 = Release|Any CPU
		{D84D64A7-103D-4751-B5C6-AB6DC308846F}.Debug|Any CPU.ActiveCfg = Debug|Any CPU
		{D84D64A7-103D-4751-B5C6-AB6DC308846F}.Debug|Any CPU.Build.0 = Debug|Any CPU
		{D84D64A7-103D-4751-B5C6-AB6DC308846F}.Release|Any CPU.ActiveCfg = Release|Any CPU
		{D84D64A7-103D-4751-B5C6-AB6DC308846F}.Release|Any CPU.Build.0 = Release|Any CPU
	EndGlobalSection
	GlobalSection(SolutionProperties) = preSolution
		HideSolutionNode = FALSE
	EndGlobalSection
	GlobalSection(ExtensibilityGlobals) = postSolution
		SolutionGuid = {7A547937-8338-4BD2-A634-A792B5F5F9F2}
	EndGlobalSection
EndGlobal
